
Microsoft Visual Studio Solution File, Format Version 12.00
# Visual Studio Version 16
VisualStudioVersion = 16.0.30320.27
MinimumVisualStudioVersion = 10.0.40219.1
Project("{FAE04EC0-301F-11D3-BF4B-00C04F79EFBC}") = "BlazorAuthTutorial", "BlazorAuthTutorial\BlazorAuthTutorial.csproj", "{7AB4907C-04C6-46A1-BCB8-7B0FF6FF3CB9}"
EndProject
Global
	GlobalSection(SolutionConfigurationPlatforms) = preSolution
		Debug|Any CPU = Debug|Any CPU
		Release|Any CPU = Release|Any CPU
	EndGlobalSection
	GlobalSection(ProjectConfigurationPlatforms) = postSolution
		{7AB4907C-04C6-46A1-BCB8-7B0FF6FF3CB9}.Debug|Any CPU.ActiveCfg = Debug|Any CPU
		{7AB4907C-04C6-46A1-BCB8-7B0FF6FF3CB9}.Debug|Any CPU.Build.0 = Debug|Any CPU
		{7AB4907C-04C6-46A1-BCB8-7B0FF6FF3CB9}.Release|Any CPU.ActiveCfg = Release|Any CPU
		{7AB4907C-04C6-46A1-BCB8-7B0FF6FF3CB9}.Release|Any CPU.Build.0 = Release|Any CPU
	EndGlobalSection
	GlobalSection(SolutionProperties) = preSolution
		HideSolutionNode = FALSE
	EndGlobalSection
	GlobalSection(ExtensibilityGlobals) = postSolution
		SolutionGuid = {F64D02B6-9D43-46A2-B63F-5E51C3752E81}
	EndGlobalSection
EndGlobal
